
Microsoft Visual Studio Solution File, Format Version 12.00
# Visual Studio 14
VisualStudioVersion = 14.0.25420.1
MinimumVisualStudioVersion = 10.0.40219.1
Project("{FAE04EC0-301F-11D3-BF4B-00C04F79EFBC}") = "UtilsNoReference", "UtilsNoReference\UtilsNoReference.csproj", "{C493F86B-63D0-4BAD-B5C8-AFB443892F19}"
EndProject
Project("{FAE04EC0-301F-11D3-BF4B-00C04F79EFBC}") = "UtilsMvc", "UtilsMvc\UtilsMvc.csproj", "{5C6E30BF-D7DB-482F-9D1E-AB0941E8D222}"
EndProject
Project("{FAE04EC0-301F-11D3-BF4B-00C04F79EFBC}") = "UtilsCryptography", "UtilsCryptography\UtilsCryptography.csproj", "{58FDBA8C-11EE-4F17-B665-CB9E68747E74}"
EndProject
Project("{FAE04EC0-301F-11D3-BF4B-00C04F79EFBC}") = "UtilsEmail", "UtilsEmail\UtilsEmail.csproj", "{ECD9B357-6BC3-4177-A935-B5974B8D5B08}"
EndProject
Project("{FAE04EC0-301F-11D3-BF4B-00C04F79EFBC}") = "UtilsAzureStorage", "UtilsAzureStorage\UtilsAzureStorage.csproj", "{078B823A-BBBF-4292-B34C-1DD0D6D74F39}"
EndProject
Project("{FAE04EC0-301F-11D3-BF4B-00C04F79EFBC}") = "UtilsCosiAPI", "UtilsCosiAPI\UtilsCosiAPI.csproj", "{268E3915-2C62-4DB1-B5E6-7782F8F98163}"
EndProject
Project("{2150E333-8FDC-42A3-9474-1A3956D46DE8}") = "Readme", "Readme", "{66E78319-2DA3-47FE-B21C-5430B8DCFD99}"
	ProjectSection(SolutionItems) = preProject
		Readme.txt = Readme.txt
	EndProjectSection
EndProject
Project("{D954291E-2A0B-460D-934E-DC6B0785DB48}") = "SharedUtilsNoReference", "SharedUtilsNoReference\SharedUtilsNoReference.shproj", "{4E71DD2F-083F-4304-A80F-1AEB1E89E9F3}"
EndProject
Project("{2150E333-8FDC-42A3-9474-1A3956D46DE8}") = "Net461", "Net461", "{50686D1E-F42D-491B-BF5D-00362DA2FC02}"
EndProject
Project("{FAE04EC0-301F-11D3-BF4B-00C04F79EFBC}") = "UtilsNoReference_461", "UtilsNoReference_461\UtilsNoReference_461.csproj", "{BE02D962-C236-411C-AB6D-FEED089DA1F9}"
EndProject
Project("{2150E333-8FDC-42A3-9474-1A3956D46DE8}") = "Net46", "Net46", "{436E3FEC-A22E-4599-AE3D-8625675E8556}"
EndProject
Project("{FAE04EC0-301F-11D3-BF4B-00C04F79EFBC}") = "UtilsNoReference_46", "UtilsNoReference_46\UtilsNoReference_46.csproj", "{DD9090AB-9AF1-4C6E-8A91-385FB6F1191C}"
EndProject
Project("{2150E333-8FDC-42A3-9474-1A3956D46DE8}") = "SharedImplementations", "SharedImplementations", "{4E04E09C-221C-47B8-96C2-64AA81CAD4A8}"
EndProject
Project("{2150E333-8FDC-42A3-9474-1A3956D46DE8}") = "OLD", "OLD", "{4DD922A6-B684-4023-9734-EA4B88A4E3A8}"
EndProject
Project("{D954291E-2A0B-460D-934E-DC6B0785DB48}") = "SharedUtilsAzureStorage", "SharedUtilsAzureStorage\SharedUtilsAzureStorage.shproj", "{3ECDE1C7-CAB4-4025-8790-12B07B4FA69F}"
EndProject
Project("{D954291E-2A0B-460D-934E-DC6B0785DB48}") = "SharedUtilsCosiAPI", "SharedUtilsAPI\SharedUtilsCosiAPI.shproj", "{310C06F7-7510-4E88-8E19-BBA31164A46A}"
EndProject
Project("{D954291E-2A0B-460D-934E-DC6B0785DB48}") = "SharedUtilsCryptography", "SharedUtilsCryptography\SharedUtilsCryptography.shproj", "{91A4242E-234D-4DC9-98EC-2CEECCC91C71}"
EndProject
Project("{D954291E-2A0B-460D-934E-DC6B0785DB48}") = "SharedUtilsEmail", "SharedUtilsEmail\SharedUtilsEmail.shproj", "{30185DB8-CEA4-4B22-A232-CD223E0CE5D5}"
EndProject
Project("{D954291E-2A0B-460D-934E-DC6B0785DB48}") = "SharedUtilsMvc", "SharedUtilsMvc\SharedUtilsMvc.shproj", "{9530AA05-EB3D-44C8-8401-BAD8EDBFD211}"
EndProject
Project("{FAE04EC0-301F-11D3-BF4B-00C04F79EFBC}") = "UtilsAzureStorage_461", "UtilsAzureStorage_461\UtilsAzureStorage_461.csproj", "{2E4587A1-FA94-4FC9-8C52-2FD4144A397A}"
EndProject
Project("{FAE04EC0-301F-11D3-BF4B-00C04F79EFBC}") = "UtilsCosiAPI_461", "UtilsCosiAPI_461\UtilsCosiAPI_461.csproj", "{3E3E8BC2-B1C3-49E1-A330-10834625E63F}"
EndProject
Project("{FAE04EC0-301F-11D3-BF4B-00C04F79EFBC}") = "UtilsCryptography_461", "SharedUtilsCryptography_461\UtilsCryptography_461.csproj", "{C1C680BD-7FAE-41E6-8CE9-516EC9F2C54C}"
EndProject
Project("{FAE04EC0-301F-11D3-BF4B-00C04F79EFBC}") = "UtilsEmail_461", "SharedUtilsEmail_461\UtilsEmail_461.csproj", "{EDC40A9A-A05A-40C2-AA06-8F73B9E6DDAA}"
EndProject
Project("{FAE04EC0-301F-11D3-BF4B-00C04F79EFBC}") = "UtilsMvc_461", "SharedUtilsMvc_461\UtilsMvc_461.csproj", "{CF370DB1-09B7-4AB3-AB4D-7BC9ED405DD2}"
EndProject
Project("{FAE04EC0-301F-11D3-BF4B-00C04F79EFBC}") = "UtilsAzureStorage_46", "UtilsAzureStorage_46\UtilsAzureStorage_46.csproj", "{9B6EDF11-2488-4490-9B7F-B4094DB1D56F}"
EndProject
Project("{FAE04EC0-301F-11D3-BF4B-00C04F79EFBC}") = "UtilsCosiAPI_46", "UtilsCosiAPI_46\UtilsCosiAPI_46.csproj", "{B7446F27-ED2A-422B-B5B6-9DD0AC22E3BF}"
EndProject
Project("{FAE04EC0-301F-11D3-BF4B-00C04F79EFBC}") = "UtilsCryptography_46", "UtilsCryptography_46\UtilsCryptography_46.csproj", "{77DB01DA-E64B-4772-A545-6F38AFC95890}"
EndProject
Project("{FAE04EC0-301F-11D3-BF4B-00C04F79EFBC}") = "UtilsEmail_46", "UtilsEmail_46\UtilsEmail_46.csproj", "{F9AEBD9F-8C67-4555-B335-970EE79417EB}"
EndProject
Project("{FAE04EC0-301F-11D3-BF4B-00C04F79EFBC}") = "UtilsMvc_46", "UtilsMvc_46\UtilsMvc_46.csproj", "{27446DEF-1313-46B3-AC68-CFB445D01EFA}"
EndProject
Project("{2150E333-8FDC-42A3-9474-1A3956D46DE8}") = "Net462", "Net462", "{16414F69-F5D5-4623-80E7-246EAB73BBF8}"
EndProject
Project("{FAE04EC0-301F-11D3-BF4B-00C04F79EFBC}") = "UtilsNoReference_462", "UtilsNoReference_462\UtilsNoReference_462.csproj", "{1B3B5F6D-5C8B-4BD3-8AD0-325C5D077696}"
EndProject
Global
	GlobalSection(SharedMSBuildProjectFiles) = preSolution
		SharedUtilsNoReference\SharedUtilsNoReference.projitems*{1b3b5f6d-5c8b-4bd3-8ad0-325c5d077696}*SharedItemsImports = 4
		SharedUtilsMvc\SharedUtilsMvc.projitems*{27446def-1313-46b3-ac68-cfb445d01efa}*SharedItemsImports = 4
		SharedUtilsAzureStorage\SharedUtilsAzureStorage.projitems*{2e4587a1-fa94-4fc9-8c52-2fd4144a397a}*SharedItemsImports = 4
		SharedUtilsEmail\SharedUtilsEmail.projitems*{30185db8-cea4-4b22-a232-cd223e0ce5d5}*SharedItemsImports = 13
		SharedUtilsAPI\SharedUtilsAPI.projitems*{310c06f7-7510-4e88-8e19-bba31164a46a}*SharedItemsImports = 13
		SharedUtilsAPI\SharedUtilsAPI.projitems*{3e3e8bc2-b1c3-49e1-a330-10834625e63f}*SharedItemsImports = 4
		SharedUtilsAzureStorage\SharedUtilsAzureStorage.projitems*{3ecde1c7-cab4-4025-8790-12b07b4fa69f}*SharedItemsImports = 13
		SharedUtilsNoReference\SharedUtilsNoReference.projitems*{4e71dd2f-083f-4304-a80f-1aeb1e89e9f3}*SharedItemsImports = 13
		SharedUtilsCryptography\SharedUtilsCryptography.projitems*{77db01da-e64b-4772-a545-6f38afc95890}*SharedItemsImports = 4
		SharedUtilsCryptography\SharedUtilsCryptography.projitems*{91a4242e-234d-4dc9-98ec-2ceeccc91c71}*SharedItemsImports = 13
		SharedUtilsMvc\SharedUtilsMvc.projitems*{9530aa05-eb3d-44c8-8401-bad8edbfd211}*SharedItemsImports = 13
		SharedUtilsAzureStorage\SharedUtilsAzureStorage.projitems*{9b6edf11-2488-4490-9b7f-b4094db1d56f}*SharedItemsImports = 4
		SharedUtilsAPI\SharedUtilsAPI.projitems*{b7446f27-ed2a-422b-b5b6-9dd0ac22e3bf}*SharedItemsImports = 4
		SharedUtilsNoReference\SharedUtilsNoReference.projitems*{be02d962-c236-411c-ab6d-feed089da1f9}*SharedItemsImports = 4
		SharedUtilsCryptography\SharedUtilsCryptography.projitems*{c1c680bd-7fae-41e6-8ce9-516ec9f2c54c}*SharedItemsImports = 4
		SharedUtilsMvc\SharedUtilsMvc.projitems*{cf370db1-09b7-4ab3-ab4d-7bc9ed405dd2}*SharedItemsImports = 4
		SharedUtilsNoReference\SharedUtilsNoReference.projitems*{dd9090ab-9af1-4c6e-8a91-385fb6f1191c}*SharedItemsImports = 4
		SharedUtilsEmail\SharedUtilsEmail.projitems*{edc40a9a-a05a-40c2-aa06-8f73b9e6ddaa}*SharedItemsImports = 4
		SharedUtilsEmail\SharedUtilsEmail.projitems*{f9aebd9f-8c67-4555-b335-970ee79417eb}*SharedItemsImports = 4
	EndGlobalSection
	GlobalSection(SolutionConfigurationPlatforms) = preSolution
		Debug|Any CPU = Debug|Any CPU
		Release|Any CPU = Release|Any CPU
		ReleaseNet46|Any CPU = ReleaseNet46|Any CPU
	EndGlobalSection
	GlobalSection(ProjectConfigurationPlatforms) = postSolution
		{C493F86B-63D0-4BAD-B5C8-AFB443892F19}.Debug|Any CPU.ActiveCfg = Debug|Any CPU
		{C493F86B-63D0-4BAD-B5C8-AFB443892F19}.Debug|Any CPU.Build.0 = Debug|Any CPU
		{C493F86B-63D0-4BAD-B5C8-AFB443892F19}.Release|Any CPU.ActiveCfg = Release|Any CPU
		{C493F86B-63D0-4BAD-B5C8-AFB443892F19}.Release|Any CPU.Build.0 = Release|Any CPU
		{C493F86B-63D0-4BAD-B5C8-AFB443892F19}.ReleaseNet46|Any CPU.ActiveCfg = ReleaseNet46|Any CPU
		{C493F86B-63D0-4BAD-B5C8-AFB443892F19}.ReleaseNet46|Any CPU.Build.0 = ReleaseNet46|Any CPU
		{5C6E30BF-D7DB-482F-9D1E-AB0941E8D222}.Debug|Any CPU.ActiveCfg = Debug|Any CPU
		{5C6E30BF-D7DB-482F-9D1E-AB0941E8D222}.Debug|Any CPU.Build.0 = Debug|Any CPU
		{5C6E30BF-D7DB-482F-9D1E-AB0941E8D222}.Release|Any CPU.ActiveCfg = Release|Any CPU
		{5C6E30BF-D7DB-482F-9D1E-AB0941E8D222}.Release|Any CPU.Build.0 = Release|Any CPU
		{5C6E30BF-D7DB-482F-9D1E-AB0941E8D222}.ReleaseNet46|Any CPU.ActiveCfg = ReleaseNet46|Any CPU
		{5C6E30BF-D7DB-482F-9D1E-AB0941E8D222}.ReleaseNet46|Any CPU.Build.0 = ReleaseNet46|Any CPU
		{58FDBA8C-11EE-4F17-B665-CB9E68747E74}.Debug|Any CPU.ActiveCfg = Debug|Any CPU
		{58FDBA8C-11EE-4F17-B665-CB9E68747E74}.Debug|Any CPU.Build.0 = Debug|Any CPU
		{58FDBA8C-11EE-4F17-B665-CB9E68747E74}.Release|Any CPU.ActiveCfg = Release|Any CPU
		{58FDBA8C-11EE-4F17-B665-CB9E68747E74}.Release|Any CPU.Build.0 = Release|Any CPU
		{58FDBA8C-11EE-4F17-B665-CB9E68747E74}.ReleaseNet46|Any CPU.ActiveCfg = ReleaseNet46|Any CPU
		{58FDBA8C-11EE-4F17-B665-CB9E68747E74}.ReleaseNet46|Any CPU.Build.0 = ReleaseNet46|Any CPU
		{ECD9B357-6BC3-4177-A935-B5974B8D5B08}.Debug|Any CPU.ActiveCfg = Debug|Any CPU
		{ECD9B357-6BC3-4177-A935-B5974B8D5B08}.Debug|Any CPU.Build.0 = Debug|Any CPU
		{ECD9B357-6BC3-4177-A935-B5974B8D5B08}.Release|Any CPU.ActiveCfg = Release|Any CPU
		{ECD9B357-6BC3-4177-A935-B5974B8D5B08}.Release|Any CPU.Build.0 = Release|Any CPU
		{ECD9B357-6BC3-4177-A935-B5974B8D5B08}.ReleaseNet46|Any CPU.ActiveCfg = ReleaseNet46|Any CPU
		{ECD9B357-6BC3-4177-A935-B5974B8D5B08}.ReleaseNet46|Any CPU.Build.0 = ReleaseNet46|Any CPU
		{078B823A-BBBF-4292-B34C-1DD0D6D74F39}.Debug|Any CPU.ActiveCfg = Debug|Any CPU
		{078B823A-BBBF-4292-B34C-1DD0D6D74F39}.Debug|Any CPU.Build.0 = Debug|Any CPU
		{078B823A-BBBF-4292-B34C-1DD0D6D74F39}.Release|Any CPU.ActiveCfg = Release|Any CPU
		{078B823A-BBBF-4292-B34C-1DD0D6D74F39}.Release|Any CPU.Build.0 = Release|Any CPU
		{078B823A-BBBF-4292-B34C-1DD0D6D74F39}.ReleaseNet46|Any CPU.ActiveCfg = ReleaseNet46|Any CPU
		{078B823A-BBBF-4292-B34C-1DD0D6D74F39}.ReleaseNet46|Any CPU.Build.0 = ReleaseNet46|Any CPU
		{268E3915-2C62-4DB1-B5E6-7782F8F98163}.Debug|Any CPU.ActiveCfg = Debug|Any CPU
		{268E3915-2C62-4DB1-B5E6-7782F8F98163}.Debug|Any CPU.Build.0 = Debug|Any CPU
		{268E3915-2C62-4DB1-B5E6-7782F8F98163}.Release|Any CPU.ActiveCfg = Release|Any CPU
		{268E3915-2C62-4DB1-B5E6-7782F8F98163}.Release|Any CPU.Build.0 = Release|Any CPU
		{268E3915-2C62-4DB1-B5E6-7782F8F98163}.ReleaseNet46|Any CPU.ActiveCfg = ReleaseNet46|Any CPU
		{268E3915-2C62-4DB1-B5E6-7782F8F98163}.ReleaseNet46|Any CPU.Build.0 = ReleaseNet46|Any CPU
		{BE02D962-C236-411C-AB6D-FEED089DA1F9}.Debug|Any CPU.ActiveCfg = Debug|Any CPU
		{BE02D962-C236-411C-AB6D-FEED089DA1F9}.Debug|Any CPU.Build.0 = Debug|Any CPU
		{BE02D962-C236-411C-AB6D-FEED089DA1F9}.Release|Any CPU.ActiveCfg = Release|Any CPU
		{BE02D962-C236-411C-AB6D-FEED089DA1F9}.Release|Any CPU.Build.0 = Release|Any CPU
		{BE02D962-C236-411C-AB6D-FEED089DA1F9}.ReleaseNet46|Any CPU.ActiveCfg = Release|Any CPU
		{BE02D962-C236-411C-AB6D-FEED089DA1F9}.ReleaseNet46|Any CPU.Build.0 = Release|Any CPU
		{DD9090AB-9AF1-4C6E-8A91-385FB6F1191C}.Debug|Any CPU.ActiveCfg = Debug|Any CPU
		{DD9090AB-9AF1-4C6E-8A91-385FB6F1191C}.Debug|Any CPU.Build.0 = Debug|Any CPU
		{DD9090AB-9AF1-4C6E-8A91-385FB6F1191C}.Release|Any CPU.ActiveCfg = Release|Any CPU
		{DD9090AB-9AF1-4C6E-8A91-385FB6F1191C}.Release|Any CPU.Build.0 = Release|Any CPU
		{DD9090AB-9AF1-4C6E-8A91-385FB6F1191C}.ReleaseNet46|Any CPU.ActiveCfg = Release|Any CPU
		{DD9090AB-9AF1-4C6E-8A91-385FB6F1191C}.ReleaseNet46|Any CPU.Build.0 = Release|Any CPU
		{2E4587A1-FA94-4FC9-8C52-2FD4144A397A}.Debug|Any CPU.ActiveCfg = Debug|Any CPU
		{2E4587A1-FA94-4FC9-8C52-2FD4144A397A}.Debug|Any CPU.Build.0 = Debug|Any CPU
		{2E4587A1-FA94-4FC9-8C52-2FD4144A397A}.Release|Any CPU.ActiveCfg = Release|Any CPU
		{2E4587A1-FA94-4FC9-8C52-2FD4144A397A}.Release|Any CPU.Build.0 = Release|Any CPU
		{2E4587A1-FA94-4FC9-8C52-2FD4144A397A}.ReleaseNet46|Any CPU.ActiveCfg = Release|Any CPU
		{2E4587A1-FA94-4FC9-8C52-2FD4144A397A}.ReleaseNet46|Any CPU.Build.0 = Release|Any CPU
		{3E3E8BC2-B1C3-49E1-A330-10834625E63F}.Debug|Any CPU.ActiveCfg = Debug|Any CPU
		{3E3E8BC2-B1C3-49E1-A330-10834625E63F}.Debug|Any CPU.Build.0 = Debug|Any CPU
		{3E3E8BC2-B1C3-49E1-A330-10834625E63F}.Release|Any CPU.ActiveCfg = Release|Any CPU
		{3E3E8BC2-B1C3-49E1-A330-10834625E63F}.Release|Any CPU.Build.0 = Release|Any CPU
		{3E3E8BC2-B1C3-49E1-A330-10834625E63F}.ReleaseNet46|Any CPU.ActiveCfg = Release|Any CPU
		{3E3E8BC2-B1C3-49E1-A330-10834625E63F}.ReleaseNet46|Any CPU.Build.0 = Release|Any CPU
		{C1C680BD-7FAE-41E6-8CE9-516EC9F2C54C}.Debug|Any CPU.ActiveCfg = Debug|Any CPU
		{C1C680BD-7FAE-41E6-8CE9-516EC9F2C54C}.Debug|Any CPU.Build.0 = Debug|Any CPU
		{C1C680BD-7FAE-41E6-8CE9-516EC9F2C54C}.Release|Any CPU.ActiveCfg = Release|Any CPU
		{C1C680BD-7FAE-41E6-8CE9-516EC9F2C54C}.Release|Any CPU.Build.0 = Release|Any CPU
		{C1C680BD-7FAE-41E6-8CE9-516EC9F2C54C}.ReleaseNet46|Any CPU.ActiveCfg = Release|Any CPU
		{C1C680BD-7FAE-41E6-8CE9-516EC9F2C54C}.ReleaseNet46|Any CPU.Build.0 = Release|Any CPU
		{EDC40A9A-A05A-40C2-AA06-8F73B9E6DDAA}.Debug|Any CPU.ActiveCfg = Debug|Any CPU
		{EDC40A9A-A05A-40C2-AA06-8F73B9E6DDAA}.Debug|Any CPU.Build.0 = Debug|Any CPU
		{EDC40A9A-A05A-40C2-AA06-8F73B9E6DDAA}.Release|Any CPU.ActiveCfg = Release|Any CPU
		{EDC40A9A-A05A-40C2-AA06-8F73B9E6DDAA}.Release|Any CPU.Build.0 = Release|Any CPU
		{EDC40A9A-A05A-40C2-AA06-8F73B9E6DDAA}.ReleaseNet46|Any CPU.ActiveCfg = Release|Any CPU
		{EDC40A9A-A05A-40C2-AA06-8F73B9E6DDAA}.ReleaseNet46|Any CPU.Build.0 = Release|Any CPU
		{CF370DB1-09B7-4AB3-AB4D-7BC9ED405DD2}.Debug|Any CPU.ActiveCfg = Debug|Any CPU
		{CF370DB1-09B7-4AB3-AB4D-7BC9ED405DD2}.Debug|Any CPU.Build.0 = Debug|Any CPU
		{CF370DB1-09B7-4AB3-AB4D-7BC9ED405DD2}.Release|Any CPU.ActiveCfg = Release|Any CPU
		{CF370DB1-09B7-4AB3-AB4D-7BC9ED405DD2}.Release|Any CPU.Build.0 = Release|Any CPU
		{CF370DB1-09B7-4AB3-AB4D-7BC9ED405DD2}.ReleaseNet46|Any CPU.ActiveCfg = Release|Any CPU
		{CF370DB1-09B7-4AB3-AB4D-7BC9ED405DD2}.ReleaseNet46|Any CPU.Build.0 = Release|Any CPU
		{9B6EDF11-2488-4490-9B7F-B4094DB1D56F}.Debug|Any CPU.ActiveCfg = Debug|Any CPU
		{9B6EDF11-2488-4490-9B7F-B4094DB1D56F}.Debug|Any CPU.Build.0 = Debug|Any CPU
		{9B6EDF11-2488-4490-9B7F-B4094DB1D56F}.Release|Any CPU.ActiveCfg = Release|Any CPU
		{9B6EDF11-2488-4490-9B7F-B4094DB1D56F}.Release|Any CPU.Build.0 = Release|Any CPU
		{9B6EDF11-2488-4490-9B7F-B4094DB1D56F}.ReleaseNet46|Any CPU.ActiveCfg = Release|Any CPU
		{9B6EDF11-2488-4490-9B7F-B4094DB1D56F}.ReleaseNet46|Any CPU.Build.0 = Release|Any CPU
		{B7446F27-ED2A-422B-B5B6-9DD0AC22E3BF}.Debug|Any CPU.ActiveCfg = Debug|Any CPU
		{B7446F27-ED2A-422B-B5B6-9DD0AC22E3BF}.Debug|Any CPU.Build.0 = Debug|Any CPU
		{B7446F27-ED2A-422B-B5B6-9DD0AC22E3BF}.Release|Any CPU.ActiveCfg = Release|Any CPU
		{B7446F27-ED2A-422B-B5B6-9DD0AC22E3BF}.Release|Any CPU.Build.0 = Release|Any CPU
		{B7446F27-ED2A-422B-B5B6-9DD0AC22E3BF}.ReleaseNet46|Any CPU.ActiveCfg = Release|Any CPU
		{B7446F27-ED2A-422B-B5B6-9DD0AC22E3BF}.ReleaseNet46|Any CPU.Build.0 = Release|Any CPU
		{77DB01DA-E64B-4772-A545-6F38AFC95890}.Debug|Any CPU.ActiveCfg = Debug|Any CPU
		{77DB01DA-E64B-4772-A545-6F38AFC95890}.Debug|Any CPU.Build.0 = Debug|Any CPU
		{77DB01DA-E64B-4772-A545-6F38AFC95890}.Release|Any CPU.ActiveCfg = Release|Any CPU
		{77DB01DA-E64B-4772-A545-6F38AFC95890}.Release|Any CPU.Build.0 = Release|Any CPU
		{77DB01DA-E64B-4772-A545-6F38AFC95890}.ReleaseNet46|Any CPU.ActiveCfg = Release|Any CPU
		{77DB01DA-E64B-4772-A545-6F38AFC95890}.ReleaseNet46|Any CPU.Build.0 = Release|Any CPU
		{F9AEBD9F-8C67-4555-B335-970EE79417EB}.Debug|Any CPU.ActiveCfg = Debug|Any CPU
		{F9AEBD9F-8C67-4555-B335-970EE79417EB}.Debug|Any CPU.Build.0 = Debug|Any CPU
		{F9AEBD9F-8C67-4555-B335-970EE79417EB}.Release|Any CPU.ActiveCfg = Release|Any CPU
		{F9AEBD9F-8C67-4555-B335-970EE79417EB}.Release|Any CPU.Build.0 = Release|Any CPU
		{F9AEBD9F-8C67-4555-B335-970EE79417EB}.ReleaseNet46|Any CPU.ActiveCfg = Release|Any CPU
		{F9AEBD9F-8C67-4555-B335-970EE79417EB}.ReleaseNet46|Any CPU.Build.0 = Release|Any CPU
		{27446DEF-1313-46B3-AC68-CFB445D01EFA}.Debug|Any CPU.ActiveCfg = Debug|Any CPU
		{27446DEF-1313-46B3-AC68-CFB445D01EFA}.Debug|Any CPU.Build.0 = Debug|Any CPU
		{27446DEF-1313-46B3-AC68-CFB445D01EFA}.Release|Any CPU.ActiveCfg = Release|Any CPU
		{27446DEF-1313-46B3-AC68-CFB445D01EFA}.Release|Any CPU.Build.0 = Release|Any CPU
		{27446DEF-1313-46B3-AC68-CFB445D01EFA}.ReleaseNet46|Any CPU.ActiveCfg = Release|Any CPU
		{27446DEF-1313-46B3-AC68-CFB445D01EFA}.ReleaseNet46|Any CPU.Build.0 = Release|Any CPU
		{1B3B5F6D-5C8B-4BD3-8AD0-325C5D077696}.Debug|Any CPU.ActiveCfg = Debug|Any CPU
		{1B3B5F6D-5C8B-4BD3-8AD0-325C5D077696}.Debug|Any CPU.Build.0 = Debug|Any CPU
		{1B3B5F6D-5C8B-4BD3-8AD0-325C5D077696}.Release|Any CPU.ActiveCfg = Release|Any CPU
		{1B3B5F6D-5C8B-4BD3-8AD0-325C5D077696}.Release|Any CPU.Build.0 = Release|Any CPU
		{1B3B5F6D-5C8B-4BD3-8AD0-325C5D077696}.ReleaseNet46|Any CPU.ActiveCfg = Release|Any CPU
		{1B3B5F6D-5C8B-4BD3-8AD0-325C5D077696}.ReleaseNet46|Any CPU.Build.0 = Release|Any CPU
	EndGlobalSection
	GlobalSection(SolutionProperties) = preSolution
		HideSolutionNode = FALSE
	EndGlobalSection
	GlobalSection(NestedProjects) = preSolution
		{C493F86B-63D0-4BAD-B5C8-AFB443892F19} = {4DD922A6-B684-4023-9734-EA4B88A4E3A8}
		{5C6E30BF-D7DB-482F-9D1E-AB0941E8D222} = {4DD922A6-B684-4023-9734-EA4B88A4E3A8}
		{58FDBA8C-11EE-4F17-B665-CB9E68747E74} = {4DD922A6-B684-4023-9734-EA4B88A4E3A8}
		{ECD9B357-6BC3-4177-A935-B5974B8D5B08} = {4DD922A6-B684-4023-9734-EA4B88A4E3A8}
		{078B823A-BBBF-4292-B34C-1DD0D6D74F39} = {4DD922A6-B684-4023-9734-EA4B88A4E3A8}
		{268E3915-2C62-4DB1-B5E6-7782F8F98163} = {4DD922A6-B684-4023-9734-EA4B88A4E3A8}
		{4E71DD2F-083F-4304-A80F-1AEB1E89E9F3} = {4E04E09C-221C-47B8-96C2-64AA81CAD4A8}
		{BE02D962-C236-411C-AB6D-FEED089DA1F9} = {50686D1E-F42D-491B-BF5D-00362DA2FC02}
		{DD9090AB-9AF1-4C6E-8A91-385FB6F1191C} = {436E3FEC-A22E-4599-AE3D-8625675E8556}
		{3ECDE1C7-CAB4-4025-8790-12B07B4FA69F} = {4E04E09C-221C-47B8-96C2-64AA81CAD4A8}
		{310C06F7-7510-4E88-8E19-BBA31164A46A} = {4E04E09C-221C-47B8-96C2-64AA81CAD4A8}
		{91A4242E-234D-4DC9-98EC-2CEECCC91C71} = {4E04E09C-221C-47B8-96C2-64AA81CAD4A8}
		{30185DB8-CEA4-4B22-A232-CD223E0CE5D5} = {4E04E09C-221C-47B8-96C2-64AA81CAD4A8}
		{9530AA05-EB3D-44C8-8401-BAD8EDBFD211} = {4E04E09C-221C-47B8-96C2-64AA81CAD4A8}
		{2E4587A1-FA94-4FC9-8C52-2FD4144A397A} = {50686D1E-F42D-491B-BF5D-00362DA2FC02}
		{3E3E8BC2-B1C3-49E1-A330-10834625E63F} = {50686D1E-F42D-491B-BF5D-00362DA2FC02}
		{C1C680BD-7FAE-41E6-8CE9-516EC9F2C54C} = {50686D1E-F42D-491B-BF5D-00362DA2FC02}
		{EDC40A9A-A05A-40C2-AA06-8F73B9E6DDAA} = {50686D1E-F42D-491B-BF5D-00362DA2FC02}
		{CF370DB1-09B7-4AB3-AB4D-7BC9ED405DD2} = {50686D1E-F42D-491B-BF5D-00362DA2FC02}
		{9B6EDF11-2488-4490-9B7F-B4094DB1D56F} = {436E3FEC-A22E-4599-AE3D-8625675E8556}
		{B7446F27-ED2A-422B-B5B6-9DD0AC22E3BF} = {436E3FEC-A22E-4599-AE3D-8625675E8556}
		{77DB01DA-E64B-4772-A545-6F38AFC95890} = {436E3FEC-A22E-4599-AE3D-8625675E8556}
		{F9AEBD9F-8C67-4555-B335-970EE79417EB} = {436E3FEC-A22E-4599-AE3D-8625675E8556}
		{27446DEF-1313-46B3-AC68-CFB445D01EFA} = {436E3FEC-A22E-4599-AE3D-8625675E8556}
		{1B3B5F6D-5C8B-4BD3-8AD0-325C5D077696} = {16414F69-F5D5-4623-80E7-246EAB73BBF8}
	EndGlobalSection
EndGlobal
