
Microsoft Visual Studio Solution File, Format Version 12.00
# Visual Studio 14
VisualStudioVersion = 14.0.24720.0
MinimumVisualStudioVersion = 10.0.40219.1
Project("{FAE04EC0-301F-11D3-BF4B-00C04F79EFBC}") = "UtilsNoReference", "UtilsNoReference\UtilsNoReference.csproj", "{C493F86B-63D0-4BAD-B5C8-AFB443892F19}"
EndProject
Project("{FAE04EC0-301F-11D3-BF4B-00C04F79EFBC}") = "UtilsMvc", "UtilsMvc\UtilsMvc.csproj", "{5C6E30BF-D7DB-482F-9D1E-AB0941E8D222}"
EndProject
Project("{FAE04EC0-301F-11D3-BF4B-00C04F79EFBC}") = "UtilsCryptography", "UtilsCryptography\UtilsCryptography.csproj", "{58FDBA8C-11EE-4F17-B665-CB9E68747E74}"
EndProject
Project("{FAE04EC0-301F-11D3-BF4B-00C04F79EFBC}") = "UtilsEmail", "UtilsEmail\UtilsEmail.csproj", "{ECD9B357-6BC3-4177-A935-B5974B8D5B08}"
EndProject
Project("{FAE04EC0-301F-11D3-BF4B-00C04F79EFBC}") = "UtilsAzureStorage", "UtilsAzureStorage\UtilsAzureStorage.csproj", "{078B823A-BBBF-4292-B34C-1DD0D6D74F39}"
EndProject
Project("{FAE04EC0-301F-11D3-BF4B-00C04F79EFBC}") = "UtilsCosiAPI", "UtilsCosiAPI\UtilsCosiAPI.csproj", "{268E3915-2C62-4DB1-B5E6-7782F8F98163}"
EndProject
Global
	GlobalSection(SolutionConfigurationPlatforms) = preSolution
		Debug|Any CPU = Debug|Any CPU
		Release|Any CPU = Release|Any CPU
	EndGlobalSection
	GlobalSection(ProjectConfigurationPlatforms) = postSolution
		{C493F86B-63D0-4BAD-B5C8-AFB443892F19}.Debug|Any CPU.ActiveCfg = Debug|Any CPU
		{C493F86B-63D0-4BAD-B5C8-AFB443892F19}.Debug|Any CPU.Build.0 = Debug|Any CPU
		{C493F86B-63D0-4BAD-B5C8-AFB443892F19}.Release|Any CPU.ActiveCfg = Release|Any CPU
		{C493F86B-63D0-4BAD-B5C8-AFB443892F19}.Release|Any CPU.Build.0 = Release|Any CPU
		{5C6E30BF-D7DB-482F-9D1E-AB0941E8D222}.Debug|Any CPU.ActiveCfg = Debug|Any CPU
		{5C6E30BF-D7DB-482F-9D1E-AB0941E8D222}.Debug|Any CPU.Build.0 = Debug|Any CPU
		{5C6E30BF-D7DB-482F-9D1E-AB0941E8D222}.Release|Any CPU.ActiveCfg = Release|Any CPU
		{5C6E30BF-D7DB-482F-9D1E-AB0941E8D222}.Release|Any CPU.Build.0 = Release|Any CPU
		{58FDBA8C-11EE-4F17-B665-CB9E68747E74}.Debug|Any CPU.ActiveCfg = Debug|Any CPU
		{58FDBA8C-11EE-4F17-B665-CB9E68747E74}.Debug|Any CPU.Build.0 = Debug|Any CPU
		{58FDBA8C-11EE-4F17-B665-CB9E68747E74}.Release|Any CPU.ActiveCfg = Release|Any CPU
		{58FDBA8C-11EE-4F17-B665-CB9E68747E74}.Release|Any CPU.Build.0 = Release|Any CPU
		{ECD9B357-6BC3-4177-A935-B5974B8D5B08}.Debug|Any CPU.ActiveCfg = Debug|Any CPU
		{ECD9B357-6BC3-4177-A935-B5974B8D5B08}.Debug|Any CPU.Build.0 = Debug|Any CPU
		{ECD9B357-6BC3-4177-A935-B5974B8D5B08}.Release|Any CPU.ActiveCfg = Release|Any CPU
		{ECD9B357-6BC3-4177-A935-B5974B8D5B08}.Release|Any CPU.Build.0 = Release|Any CPU
		{078B823A-BBBF-4292-B34C-1DD0D6D74F39}.Debug|Any CPU.ActiveCfg = Debug|Any CPU
		{078B823A-BBBF-4292-B34C-1DD0D6D74F39}.Debug|Any CPU.Build.0 = Debug|Any CPU
		{078B823A-BBBF-4292-B34C-1DD0D6D74F39}.Release|Any CPU.ActiveCfg = Release|Any CPU
		{078B823A-BBBF-4292-B34C-1DD0D6D74F39}.Release|Any CPU.Build.0 = Release|Any CPU
		{268E3915-2C62-4DB1-B5E6-7782F8F98163}.Debug|Any CPU.ActiveCfg = Debug|Any CPU
		{268E3915-2C62-4DB1-B5E6-7782F8F98163}.Debug|Any CPU.Build.0 = Debug|Any CPU
		{268E3915-2C62-4DB1-B5E6-7782F8F98163}.Release|Any CPU.ActiveCfg = Release|Any CPU
		{268E3915-2C62-4DB1-B5E6-7782F8F98163}.Release|Any CPU.Build.0 = Release|Any CPU
	EndGlobalSection
	GlobalSection(SolutionProperties) = preSolution
		HideSolutionNode = FALSE
	EndGlobalSection
EndGlobal
