
Microsoft Visual Studio Solution File, Format Version 12.00
# Visual Studio 14
VisualStudioVersion = 14.0.24720.0
MinimumVisualStudioVersion = 10.0.40219.1
Project("{FAE04EC0-301F-11D3-BF4B-00C04F79EFBC}") = "UtilsNoReference", "UtilsNoReference\UtilsNoReference.csproj", "{C493F86B-63D0-4BAD-B5C8-AFB443892F19}"
EndProject
Project("{FAE04EC0-301F-11D3-BF4B-00C04F79EFBC}") = "UtilsMvc", "UtilsMvc\UtilsMvc.csproj", "{5C6E30BF-D7DB-482F-9D1E-AB0941E8D222}"
EndProject
Project("{FAE04EC0-301F-11D3-BF4B-00C04F79EFBC}") = "UtilsCryptography", "UtilsCryptography\UtilsCryptography.csproj", "{58FDBA8C-11EE-4F17-B665-CB9E68747E74}"
EndProject
Project("{FAE04EC0-301F-11D3-BF4B-00C04F79EFBC}") = "UtilsEmail", "UtilsEmail\UtilsEmail.csproj", "{ECD9B357-6BC3-4177-A935-B5974B8D5B08}"
EndProject
Project("{FAE04EC0-301F-11D3-BF4B-00C04F79EFBC}") = "UtilsAzureStorage", "UtilsAzureStorage\UtilsAzureStorage.csproj", "{078B823A-BBBF-4292-B34C-1DD0D6D74F39}"
EndProject
Project("{FAE04EC0-301F-11D3-BF4B-00C04F79EFBC}") = "UtilsCosiAPI", "UtilsCosiAPI\UtilsCosiAPI.csproj", "{268E3915-2C62-4DB1-B5E6-7782F8F98163}"
EndProject
Project("{2150E333-8FDC-42A3-9474-1A3956D46DE8}") = "Readme", "Readme", "{66E78319-2DA3-47FE-B21C-5430B8DCFD99}"
	ProjectSection(SolutionItems) = preProject
		Readme.txt = Readme.txt
	EndProjectSection
EndProject
Project("{D954291E-2A0B-460D-934E-DC6B0785DB48}") = "SharedUtilsNoReference", "SharedUtilsNoReference\SharedUtilsNoReference.shproj", "{4E71DD2F-083F-4304-A80F-1AEB1E89E9F3}"
EndProject
Project("{2150E333-8FDC-42A3-9474-1A3956D46DE8}") = "Net461", "Net461", "{50686D1E-F42D-491B-BF5D-00362DA2FC02}"
EndProject
Project("{FAE04EC0-301F-11D3-BF4B-00C04F79EFBC}") = "UtilsNoReference_461", "UtilsNoReference_461\UtilsNoReference_461.csproj", "{BE02D962-C236-411C-AB6D-FEED089DA1F9}"
EndProject
Project("{2150E333-8FDC-42A3-9474-1A3956D46DE8}") = "Net46", "Net46", "{436E3FEC-A22E-4599-AE3D-8625675E8556}"
EndProject
Project("{FAE04EC0-301F-11D3-BF4B-00C04F79EFBC}") = "UtilsNoReference_46", "UtilsNoReference_46\UtilsNoReference_46.csproj", "{DD9090AB-9AF1-4C6E-8A91-385FB6F1191C}"
EndProject
Global
	GlobalSection(SharedMSBuildProjectFiles) = preSolution
		SharedUtilsNoReference\SharedUtilsNoReference.projitems*{be02d962-c236-411c-ab6d-feed089da1f9}*SharedItemsImports = 4
		SharedUtilsNoReference\SharedUtilsNoReference.projitems*{4e71dd2f-083f-4304-a80f-1aeb1e89e9f3}*SharedItemsImports = 13
		SharedUtilsNoReference\SharedUtilsNoReference.projitems*{dd9090ab-9af1-4c6e-8a91-385fb6f1191c}*SharedItemsImports = 4
	EndGlobalSection
	GlobalSection(SolutionConfigurationPlatforms) = preSolution
		Debug|Any CPU = Debug|Any CPU
		Release|Any CPU = Release|Any CPU
	EndGlobalSection
	GlobalSection(ProjectConfigurationPlatforms) = postSolution
		{C493F86B-63D0-4BAD-B5C8-AFB443892F19}.Debug|Any CPU.ActiveCfg = Debug|Any CPU
		{C493F86B-63D0-4BAD-B5C8-AFB443892F19}.Debug|Any CPU.Build.0 = Debug|Any CPU
		{C493F86B-63D0-4BAD-B5C8-AFB443892F19}.Release|Any CPU.ActiveCfg = Release|Any CPU
		{C493F86B-63D0-4BAD-B5C8-AFB443892F19}.Release|Any CPU.Build.0 = Release|Any CPU
		{5C6E30BF-D7DB-482F-9D1E-AB0941E8D222}.Debug|Any CPU.ActiveCfg = Debug|Any CPU
		{5C6E30BF-D7DB-482F-9D1E-AB0941E8D222}.Debug|Any CPU.Build.0 = Debug|Any CPU
		{5C6E30BF-D7DB-482F-9D1E-AB0941E8D222}.Release|Any CPU.ActiveCfg = Release|Any CPU
		{5C6E30BF-D7DB-482F-9D1E-AB0941E8D222}.Release|Any CPU.Build.0 = Release|Any CPU
		{58FDBA8C-11EE-4F17-B665-CB9E68747E74}.Debug|Any CPU.ActiveCfg = Debug|Any CPU
		{58FDBA8C-11EE-4F17-B665-CB9E68747E74}.Debug|Any CPU.Build.0 = Debug|Any CPU
		{58FDBA8C-11EE-4F17-B665-CB9E68747E74}.Release|Any CPU.ActiveCfg = Release|Any CPU
		{58FDBA8C-11EE-4F17-B665-CB9E68747E74}.Release|Any CPU.Build.0 = Release|Any CPU
		{ECD9B357-6BC3-4177-A935-B5974B8D5B08}.Debug|Any CPU.ActiveCfg = Debug|Any CPU
		{ECD9B357-6BC3-4177-A935-B5974B8D5B08}.Debug|Any CPU.Build.0 = Debug|Any CPU
		{ECD9B357-6BC3-4177-A935-B5974B8D5B08}.Release|Any CPU.ActiveCfg = Release|Any CPU
		{ECD9B357-6BC3-4177-A935-B5974B8D5B08}.Release|Any CPU.Build.0 = Release|Any CPU
		{078B823A-BBBF-4292-B34C-1DD0D6D74F39}.Debug|Any CPU.ActiveCfg = Debug|Any CPU
		{078B823A-BBBF-4292-B34C-1DD0D6D74F39}.Debug|Any CPU.Build.0 = Debug|Any CPU
		{078B823A-BBBF-4292-B34C-1DD0D6D74F39}.Release|Any CPU.ActiveCfg = Release|Any CPU
		{078B823A-BBBF-4292-B34C-1DD0D6D74F39}.Release|Any CPU.Build.0 = Release|Any CPU
		{268E3915-2C62-4DB1-B5E6-7782F8F98163}.Debug|Any CPU.ActiveCfg = Debug|Any CPU
		{268E3915-2C62-4DB1-B5E6-7782F8F98163}.Debug|Any CPU.Build.0 = Debug|Any CPU
		{268E3915-2C62-4DB1-B5E6-7782F8F98163}.Release|Any CPU.ActiveCfg = Release|Any CPU
		{268E3915-2C62-4DB1-B5E6-7782F8F98163}.Release|Any CPU.Build.0 = Release|Any CPU
		{BE02D962-C236-411C-AB6D-FEED089DA1F9}.Debug|Any CPU.ActiveCfg = Debug|Any CPU
		{BE02D962-C236-411C-AB6D-FEED089DA1F9}.Debug|Any CPU.Build.0 = Debug|Any CPU
		{BE02D962-C236-411C-AB6D-FEED089DA1F9}.Release|Any CPU.ActiveCfg = Release|Any CPU
		{BE02D962-C236-411C-AB6D-FEED089DA1F9}.Release|Any CPU.Build.0 = Release|Any CPU
		{DD9090AB-9AF1-4C6E-8A91-385FB6F1191C}.Debug|Any CPU.ActiveCfg = Debug|Any CPU
		{DD9090AB-9AF1-4C6E-8A91-385FB6F1191C}.Debug|Any CPU.Build.0 = Debug|Any CPU
		{DD9090AB-9AF1-4C6E-8A91-385FB6F1191C}.Release|Any CPU.ActiveCfg = Release|Any CPU
		{DD9090AB-9AF1-4C6E-8A91-385FB6F1191C}.Release|Any CPU.Build.0 = Release|Any CPU
	EndGlobalSection
	GlobalSection(SolutionProperties) = preSolution
		HideSolutionNode = FALSE
	EndGlobalSection
	GlobalSection(NestedProjects) = preSolution
		{BE02D962-C236-411C-AB6D-FEED089DA1F9} = {50686D1E-F42D-491B-BF5D-00362DA2FC02}
		{DD9090AB-9AF1-4C6E-8A91-385FB6F1191C} = {436E3FEC-A22E-4599-AE3D-8625675E8556}
	EndGlobalSection
EndGlobal
